version = 1
requires-python = ">=3.12"

[[package]]
name = "mergepdf"
version = "0.4.0"
source = { editable = "." }
dependencies = [
    { name = "pypdf" },
]

[package.metadata]
requires-dist = [{ name = "pypdf", specifier = ">=5.0.0" }]

[[package]]
name = "pypdf"
version = "5.0.0"
source = { registry = "https://pypi.org/simple" }
sdist = { url = "https://files.pythonhosted.org/packages/b1/f2/e2e8b886ee248c2d7e8c054009882636b1120599ea35159c184947f9d1d3/pypdf-5.0.0.tar.gz", hash = "sha256:5c536ec0f7af8e2f80eb32806964652a562b9abc5477b3c195e2b842725ce55b", size = 291148 }
wheels = [
    { url = "https://files.pythonhosted.org/packages/1a/fa/7dd2c375e1b7f0a356f59a623307384b1886a894202648ebfeac645c70c0/pypdf-5.0.0-py3-none-any.whl", hash = "sha256:67603e2e96cdf70e676564520933c017d450f16075b9966be5fee128812ace8c", size = 292807 },
]
